{
  "version": 4,
  "terraform_version": "1.7.3",
  "serial": 16,
  "lineage": "0a6f7fbd-4362-cf76-c34e-cef444550bae",
  "outputs": {
    "datastores": {
      "value": [
        "vm_pool_1"
      ],
      "type": [
        "tuple",
        [
          "string"
        ]
      ]
    },
    "username": {
      "value": [
        "harmonj",
        "pam"
      ],
      "type": [
        "list",
        "string"
      ]
    }
  },
  "resources": [
    {
      "mode": "data",
      "type": "proxmox_virtual_environment_datastores",
      "name": "proxmox",
      "provider": "provider[\"registry.terraform.io/bpg/proxmox\"]",
      "instances": [
        {
          "schema_version": 0,
          "attributes": {
            "active": [
              true,
              true,
              true
            ],
            "content_types": [
              [
                "backup",
                "iso",
                "vztmpl"
              ],
              [
                "images",
                "rootdir"
              ],
              [
                "images",
                "rootdir"
              ]
            ],
            "datastore_ids": [
              "local",
              "local-zfs",
              "vm_pool_1"
            ],
            "enabled": [
              true,
              true,
              true
            ],
            "id": "proxmox_datastores",
            "node_name": "proxmox",
            "shared": [
              false,
              false,
              false
            ],
            "space_available": [
              953319555072,
              953319583744,
              7817891338514
            ],
            "space_total": [
              957611769856,
              959294509056,
              7849119842304
            ],
            "space_used": [
              4292214784,
              5974925312,
              31228503790
            ],
            "types": [
              "dir",
              "zfspool",
              "zfspool"
            ]
          },
          "sensitive_attributes": []
        }
      ]
    },
    {
      "mode": "managed",
      "type": "proxmox_virtual_environment_vm",
      "name": "terraform-vm",
      "provider": "provider[\"registry.terraform.io/bpg/proxmox\"]",
      "instances": [
        {
          "schema_version": 0,
          "attributes": {
            "acpi": true,
            "agent": [],
            "audio_device": [],
            "bios": "seabios",
            "boot_order": null,
            "cdrom": [
              {
                "enabled": true,
                "file_id": "local:iso/Rocky-9.3-x86_64-minimal.iso",
                "interface": "ide0"
              }
            ],
            "clone": [],
            "cpu": [
              {
                "affinity": "",
                "architecture": "x86_64",
                "cores": 2,
                "flags": null,
                "hotplugged": 0,
                "limit": 0,
                "numa": false,
                "sockets": 1,
                "type": "x86-64-v2-AES",
                "units": 1024
              }
            ],
            "description": "Terraform VM",
            "disk": [
              {
                "aio": "native",
                "backup": true,
                "cache": "none",
                "datastore_id": "vm_pool_1",
                "discard": "ignore",
                "file_format": "raw",
                "file_id": "",
                "interface": "scsi0",
                "iothread": true,
                "path_in_datastore": "",
                "replicate": true,
                "serial": "",
                "size": 40,
                "speed": [],
                "ssd": false
              }
            ],
            "efi_disk": [],
            "hook_script_file_id": null,
            "hostpci": [],
            "id": "105",
            "initialization": [
              {
                "datastore_id": "vm_pool_1",
                "dns": [],
                "interface": "",
                "ip_config": [
                  {
                    "ipv4": [
                      {
                        "address": "dhcp",
                        "gateway": ""
                      }
                    ],
                    "ipv6": []
                  }
                ],
                "meta_data_file_id": "",
                "network_data_file_id": "",
                "type": "",
                "upgrade": false,
                "user_account": [
                  {
                    "keys": [
                      "ssh-rsa AAAAB3NzaC1yc2EAAAADAQABAAABgQCdiBQ0hla+B2J8HuahCNcYbM3ac9fGdcJfIS/rzRsli4idBuP7BV0JRipLt/Id02gv28nZofOD2vQtGraQp0Tpxjp+JVt0UzqM9zZqih9/nFaSOxgY9HZ4oXy1zu6vy3n8PScWOMf5hdSINXgyhdvrLK0dEFZlI1sKKidMhNwrC/ieOASH6S/NMXs1ghZcvXuskA3lUiF9RfXBG4YG/9puwv5j/6vdRdwtfcpsWoT6iUcqMOZ76nDdEXcgN3+fBBYuRKs7zh9Q2Mu9XB94XR6yTEaCJmZUh0/xCPPP+5+NTlhTiNCxppiNfYxljc/s0aajc3sXHmLqi7ujG5fgObr4W6PBhuDhXvOaNZJkY7UZz5juynqHH8zyBTKPU9M9+VbzWyD+YRYwVlxj7GJtKVFEJ+XdwbI/ZGLALe4H9b1183xCE35bNQOVLbljFm+bDzbK0c5p3JjTsIS2Z9z2jDAkA5g0hBogqz0n8WMmUJD3NMRXfs8j4gJB2M9h8Pt5qkk= jharmon@CentOS2.mydomain\nssh-rsa AAAAB3NzaC1yc2EAAAADAQABAAABgQDD73fQNl410avCIGsBF8AKZEe3k71IUfuvdSPTGP1stc6Fw7xnGLyn4FvKOktfQGfuUi7TZpXCPPRSmu/lvfWiN332RCRpgmept6XN5QxUkmTMKoIlgJ0SNNgXNjM5d2Fqz/OCx3Cv6ZMKYi1nPdep1EvZokqzyS3FtwxMrvY1vIVhJvXpsa4YpDdJen5lnGW1HjMa2mhnoiwRaNxoAN2CKzXFDkG+LR/HZGrhFWwaeaAOc1LI+ADAjZMr1hWNOQtGaPU48PbhbCO7YaO52gV3P44NpeJNfP2sg8hmvKVXYeNG5tQ9ooOeHDu7Z/29URoDc0UAK58RYBr91dPOOA/zTOCcWJH+5XLmUuAFVdeATrf0KUrZTeLeFteJrsoYqI1y/s7hq/e0xajto699ziaogdDIpxP3WOrhe77XL9je4sJNmTUGjzYiiAfURGpIuQ492lgjTqlS56DkRW7aFcxULspP8OdysXj3Sf449wr9cduOBGLgpzTW7W+a/NC4tLs= jharmon@MSI\r\nssh-rsa AAAAB3NzaC1yc2EAAAADAQABAAABgQCy1AiuGjTnQV88nAtLJqfG2jlD1mZ3uRu6mlRzww7Qh+ZQ3YI63rghhJE2ag1Z84SJcGXHdbSN+c5V6yZnyd7VIWlOytKx369bExYTTJe1pcSflpjW15CxHnekM35C4sd/joe78Xlv9BxM1b41Hm/lPFEYm1aRaI0UQykbLxIyXF/SODCx4OkkU1v0i+Sx35Jb5nNUclhLLqzXRNFC+EmkurIOTt7Q3GOYWzSiMsLSal/0mZxunBJbyIy9fywSrYpEeqKtsZAk04QxQbm9QQJd53KCP3Wbv08q7K3+Mkj2qEX6hNk8SGGHnN6kwGRMxh5lzTU1noNfuyYxPUyPJupZSg/NrR9e2VSYK53QF0RF7YtMVahNSE1LNdG9REy/5XQE9ji+9GUsVMk6UO5+qUMLgWL9YhrZ+XCAEbo/mVvL+9/YdjLXFTBlvbabTpE0dRzZVfHnLADsmQEVqWPzkBb/aPqebs/NkIIKzB3qEIOd6Qnk2ITYkbm/H+7sTeBhKNU= jharmon@CentOS4.mydomain\nssh-rsa AAAAB3NzaC1yc2EAAAADAQABAAABgQDEOrMffrouWjryCda52baRAN+dcLmVeZ4JUZr1ZbkPFwmbq9RbX0ic51H90xoXD8G862Jry6GQ5h1BQ1M2verUkyuO26ijX9ApZiRhGUahGAR3So3Q4OxQzzbPHj4RDr4wRogx7RE8vKqCC2Fd/Cgat4e94yzrh29+iHLIR9YF4hSE4VYJh2Qqs1jgcPFdwrvQSwTI4vBJOD3W/YlNzFB+RhTocPNiOCU1Nig+8S2bCBeN1yhMGot8SFmwpNcckU564bH+JyzMjOH9bo6k4dN42ldS1ttuVI/9Sxh7RxR4h3u5pOHTWWN18YN3Hx1FdTvKKbaEvM6LrBqJ+pf9PbZ7JoAfyIbJVvByss8gZDsKKx8FeH50YKIVrSRr66QEHFkPpSzHuKVwGM9NNGX/uMhOiZ7oL3ETvq0wQKwBgmnN3ls6scAs7ZUA5szkkqquTnwi8o7cuqpO1usXnPjRB6KEuaVu/WVF14Ifjk6BP5oq3V2c87h2wPXVr4EQRtAzfFs= jharmon@CentOS5.mydomain\nssh-rsa AAAAB3NzaC1yc2EAAAADAQABAAABgQCf3F5uIMo+CsmtScSRtxruplGvc32MDOOPuHHMZH2llmhHb049ZsHzDvqlAlKu7LPUrACe5jS7pr5EJtZvMRPCa6hmudnz9AUQTvL8sZQwG5r4GufJGjoWZffeLLi7sn1E4+If5oEVdy9LsQAAzb7bp38hXSQsT9Z20s1jvgfumAlxJuoKDm/tLO9SzJxa0KKMjFsfDqMzy87UtRiGq2DzcjBDXT7UyFc8+AJMhRhs+5ycRfcP/LKgwGIG0ORs7VB5Zi6voTf6dQw81vk950V0yW+2jlAaWd1EhthcTc8O4z19OanPSunvT9EkujiK/6r6Ps7ayJ+tTfhQA8jSLW5NxSx08W6Eva3qNCJxDAv0CmhUpsqdR4WGGeqZsIrwT+PiFfnp8hKdxL3vCdP0dLR/4F3vGuE5YJHI8afTVNM/k4s//rQLHzo0Y8wgb4YzzrD5miL2FE7IW2ERFYPsX10yQntwBDvltmZpWRh8L1lNzVvtnSVOv1kcqcvMEd6t020= jharmon@CentOS6\nssh-rsa AAAAB3NzaC1yc2EAAAADAQABAAABgQDNj46MRpsEceiIkiSEepKQwLuFg+RFIO9QTDC2JgxYY1WEf6kwajubgwGayX37nPXGJO2ZxO7M2DGgmam5e9QGs2gxdZ6ye/GapPiA/FDpvkA40d5bEz3d9TbPgZyQEh+SK4PqiD3UjBc94ZnAMRPSSx3kJfFyew1YIz3fF/WzUwTOTD4eKGgVX3+E6F+PWaOxaxSIW88PWbX5E99PcWacV0ngFh5a/sU2ouJtQo3YVnabb9aONx7dz7f36FYEiI8LrlUiCHa1/d6l9Lq4L3ny3+lALgugE7YStxOYAieYn+kP64Sbo57ZBeST17rkhi7Y5mmRhqpxcpIjyoyg0UNzah1wRIwH+0OM7Qt1cPb+3zWCowT+JVT5AL7+vCIdZFNyE9+NRnmAViG3a/DLdG3sNfJLVJjDwqZWPAT3qotmxPA5GjuiAxphrNy7VbMvQJNciky+d2usJ4haWH9p/uLbK7Zsc1ouKVY92123o37dnHvQIbJoo3fyma+Dtx+f4PE= jharmon@CentOSE.mydomain"
                    ],
                    "password": "Tentmolt-197536",
                    "username": "cloud_user"
                  }
                ],
                "user_data_file_id": "",
                "vendor_data_file_id": ""
              }
            ],
            "ipv4_addresses": null,
            "ipv6_addresses": null,
            "keyboard_layout": "en-us",
            "kvm_arguments": null,
            "mac_addresses": null,
            "machine": null,
            "memory": [
              {
                "dedicated": 2048,
                "floating": 0,
                "hugepages": "",
                "keep_hugepages": false,
                "shared": 0
              }
            ],
            "migrate": false,
            "name": "terraform-vm",
            "network_device": [],
            "network_interface_names": null,
            "node_name": "proxmox",
            "numa": [],
            "on_boot": true,
            "operating_system": [],
            "pool_id": null,
            "protection": false,
            "reboot": false,
            "scsi_hardware": "virtio-scsi-pci",
            "serial_device": [],
            "smbios": [],
            "started": true,
            "startup": [],
            "stop_on_destroy": false,
            "tablet_device": true,
            "tags": [
              "terraform"
            ],
            "template": false,
            "timeout_clone": 1800,
            "timeout_create": 1800,
            "timeout_migrate": 1800,
            "timeout_move_disk": 1800,
            "timeout_reboot": 1800,
            "timeout_shutdown_vm": 1800,
            "timeout_start_vm": 1800,
            "timeout_stop_vm": 300,
            "tpm_state": [],
            "usb": [],
            "vga": [],
            "vm_id": 105
          },
          "sensitive_attributes": [
            [
              {
                "type": "get_attr",
                "value": "initialization"
              },
              {
                "type": "index",
                "value": {
                  "value": 0,
                  "type": "number"
                }
              },
              {
                "type": "get_attr",
                "value": "user_account"
              },
              {
                "type": "index",
                "value": {
                  "value": 0,
                  "type": "number"
                }
              },
              {
                "type": "get_attr",
                "value": "password"
              }
            ]
          ],
          "private": "bnVsbA==",
          "dependencies": [
            "data.proxmox_virtual_environment_datastores.proxmox"
          ]
        }
      ]
    }
  ],
  "check_results": null
}
