{
  "version": 4,
  "terraform_version": "1.7.3",
  "serial": 11,
  "lineage": "0a6f7fbd-4362-cf76-c34e-cef444550bae",
  "outputs": {
    "datastores": {
      "value": [
        "vm_pool_1"
      ],
      "type": [
        "tuple",
        [
          "string"
        ]
      ]
    },
    "username": {
      "value": [
        "harmonj"
      ],
      "type": [
        "list",
        "string"
      ]
    }
  },
  "resources": [
    {
      "mode": "data",
      "type": "proxmox_virtual_environment_datastores",
      "name": "proxmox",
      "provider": "provider[\"registry.terraform.io/bpg/proxmox\"]",
      "instances": [
        {
          "schema_version": 0,
          "attributes": {
            "active": [
              true,
              true,
              true
            ],
            "content_types": [
              [
                "backup",
                "iso",
                "vztmpl"
              ],
              [
                "images",
                "rootdir"
              ],
              [
                "images",
                "rootdir"
              ]
            ],
            "datastore_ids": [
              "local",
              "local-zfs",
              "vm_pool_1"
            ],
            "enabled": [
              true,
              true,
              true
            ],
            "id": "proxmox_datastores",
            "node_name": "proxmox",
            "shared": [
              false,
              false,
              false
            ],
            "space_available": [
              953319555072,
              953319591936,
              7817897093230
            ],
            "space_total": [
              957611769856,
              959294488576,
              7849119842304
            ],
            "space_used": [
              4292214784,
              5974896640,
              31222749074
            ],
            "types": [
              "dir",
              "zfspool",
              "zfspool"
            ]
          },
          "sensitive_attributes": []
        }
      ]
    },
    {
      "mode": "managed",
      "type": "proxmox_virtual_environment_vm",
      "name": "terraform-vm",
      "provider": "provider[\"registry.terraform.io/bpg/proxmox\"]",
      "instances": [
        {
          "schema_version": 0,
          "attributes": {
            "acpi": true,
            "agent": [],
            "audio_device": [],
            "bios": "seabios",
            "boot_order": null,
            "cdrom": [
              {
                "enabled": true,
                "file_id": "local:iso/Rocky-9.3-x86_64-minimal.iso",
                "interface": "ide0"
              }
            ],
            "clone": [],
            "cpu": [
              {
                "affinity": "",
                "architecture": "x86_64",
                "cores": 2,
                "flags": null,
                "hotplugged": 0,
                "limit": 0,
                "numa": false,
                "sockets": 1,
                "type": "x86-64-v2-AES",
                "units": 1024
              }
            ],
            "description": "Terraform VM",
            "disk": [
              {
                "aio": "native",
                "backup": true,
                "cache": "none",
                "datastore_id": "vm_pool_1",
                "discard": "ignore",
                "file_format": "raw",
                "file_id": "",
                "interface": "scsi0",
                "iothread": true,
                "path_in_datastore": "",
                "replicate": true,
                "serial": "",
                "size": 40,
                "speed": [],
                "ssd": false
              }
            ],
            "efi_disk": [],
            "hook_script_file_id": null,
            "hostpci": [],
            "id": "105",
            "initialization": [],
            "ipv4_addresses": null,
            "ipv6_addresses": null,
            "keyboard_layout": "en-us",
            "kvm_arguments": null,
            "mac_addresses": null,
            "machine": null,
            "memory": [
              {
                "dedicated": 2048,
                "floating": 0,
                "hugepages": "",
                "keep_hugepages": false,
                "shared": 0
              }
            ],
            "migrate": false,
            "name": "terraform-vm",
            "network_device": [],
            "network_interface_names": null,
            "node_name": "proxmox",
            "numa": [],
            "on_boot": true,
            "operating_system": [],
            "pool_id": null,
            "protection": false,
            "reboot": false,
            "scsi_hardware": "virtio-scsi-pci",
            "serial_device": [],
            "smbios": [],
            "started": true,
            "startup": [],
            "stop_on_destroy": false,
            "tablet_device": true,
            "tags": [
              "terraform"
            ],
            "template": false,
            "timeout_clone": 1800,
            "timeout_create": 1800,
            "timeout_migrate": 1800,
            "timeout_move_disk": 1800,
            "timeout_reboot": 1800,
            "timeout_shutdown_vm": 1800,
            "timeout_start_vm": 1800,
            "timeout_stop_vm": 300,
            "tpm_state": [],
            "usb": [],
            "vga": [],
            "vm_id": 105
          },
          "sensitive_attributes": [],
          "private": "bnVsbA==",
          "dependencies": [
            "data.proxmox_virtual_environment_datastores.proxmox"
          ]
        }
      ]
    }
  ],
  "check_results": null
}
